
Microsoft Visual Studio Solution File, Format Version 12.00
# Visual Studio Version 17
VisualStudioVersion = 17.3.32929.385
MinimumVisualStudioVersion = 10.0.40219.1
Project("{9A19103F-16F7-4668-BE54-9A1E7A4F7556}") = "angular-reactive-training", "angular-reactive-training\angular-reactive-training.csproj", "{DA0999E4-69BA-464E-B113-C686806E30DE}"
EndProject
Project("{2150E333-8FDC-42A3-9474-1A3956D46DE8}") = "Microservices", "Microservices", "{7B0A31E9-9B07-4F1D-90D2-8C3CF51F9F3C}"
EndProject
Project("{2150E333-8FDC-42A3-9474-1A3956D46DE8}") = "Identity", "Identity", "{0BD18903-2277-4E89-9464-E4460B905E7F}"
EndProject
Project("{9A19103F-16F7-4668-BE54-9A1E7A4F7556}") = "ART.Identity.Api", "ART.Identity.Api\ART.Identity.Api.csproj", "{7DFB103D-620E-4C35-9A5F-2CAE3C563441}"
EndProject
Project("{9A19103F-16F7-4668-BE54-9A1E7A4F7556}") = "ART.BusinessLayer.Identity", "ART.BusinessLayer.Identity\ART.BusinessLayer.Identity.csproj", "{79782D7B-96A2-4C7A-A704-DA56DAA270D5}"
EndProject
Project("{9A19103F-16F7-4668-BE54-9A1E7A4F7556}") = "ART.DataLayer.Identity", "ART.DataLayer.Identity\ART.DataLayer.Identity.csproj", "{835B39E2-88C0-46CE-A8C3-002B0A7FE866}"
EndProject
Project("{00D1A9C2-B5F0-4AF3-8072-F6C62B433612}") = "ART.SQL.Identity", "ART.SQL.Identity\ART.SQL.Identity.sqlproj", "{DF05B29D-F112-43D8-A531-FFD97FEC44F1}"
EndProject
Project("{9A19103F-16F7-4668-BE54-9A1E7A4F7556}") = "ART.Tests.Identity", "ART.Tests.Identity\ART.Tests.Identity.csproj", "{525383ED-507C-4D03-968D-00317E1A6FDB}"
EndProject
Project("{2150E333-8FDC-42A3-9474-1A3956D46DE8}") = "Common", "Common", "{559F31EA-FB2E-47AA-892B-DBF81EAAE2AA}"
EndProject
Project("{FAE04EC0-301F-11D3-BF4B-00C04F79EFBC}") = "ART.API", "ART.API\ART.API.csproj", "{ECB0DD37-3C8E-47FF-B609-262B0990F3ED}"
EndProject
Project("{FAE04EC0-301F-11D3-BF4B-00C04F79EFBC}") = "ART.BusinessLayer", "ART.BusinessLayer\ART.BusinessLayer.csproj", "{F33A1868-BFF6-4470-8B2E-810B0A48F836}"
EndProject
Project("{FAE04EC0-301F-11D3-BF4B-00C04F79EFBC}") = "ART.DataLayer", "ART.DataLayer\ART.DataLayer.csproj", "{9CEFBF75-B472-4ABB-9FC4-3B102AD78D44}"
EndProject
Project("{FAE04EC0-301F-11D3-BF4B-00C04F79EFBC}") = "ART.DataReference", "ART.DataReference\ART.DataReference.csproj", "{37519548-FB3E-455D-873B-AE14A274EA78}"
EndProject
Project("{FAE04EC0-301F-11D3-BF4B-00C04F79EFBC}") = "ART.Messaging", "ART.Messaging\ART.Messaging.csproj", "{002C0CE0-55C0-4A7C-9A04-8BB0D18BCC99}"
EndProject
Global
	GlobalSection(SolutionConfigurationPlatforms) = preSolution
		Debug|Any CPU = Debug|Any CPU
		Release|Any CPU = Release|Any CPU
	EndGlobalSection
	GlobalSection(ProjectConfigurationPlatforms) = postSolution
		{DA0999E4-69BA-464E-B113-C686806E30DE}.Debug|Any CPU.ActiveCfg = Debug|Any CPU
		{DA0999E4-69BA-464E-B113-C686806E30DE}.Debug|Any CPU.Build.0 = Debug|Any CPU
		{DA0999E4-69BA-464E-B113-C686806E30DE}.Release|Any CPU.ActiveCfg = Release|Any CPU
		{DA0999E4-69BA-464E-B113-C686806E30DE}.Release|Any CPU.Build.0 = Release|Any CPU
		{7DFB103D-620E-4C35-9A5F-2CAE3C563441}.Debug|Any CPU.ActiveCfg = Debug|Any CPU
		{7DFB103D-620E-4C35-9A5F-2CAE3C563441}.Debug|Any CPU.Build.0 = Debug|Any CPU
		{7DFB103D-620E-4C35-9A5F-2CAE3C563441}.Release|Any CPU.ActiveCfg = Release|Any CPU
		{7DFB103D-620E-4C35-9A5F-2CAE3C563441}.Release|Any CPU.Build.0 = Release|Any CPU
		{79782D7B-96A2-4C7A-A704-DA56DAA270D5}.Debug|Any CPU.ActiveCfg = Debug|Any CPU
		{79782D7B-96A2-4C7A-A704-DA56DAA270D5}.Debug|Any CPU.Build.0 = Debug|Any CPU
		{79782D7B-96A2-4C7A-A704-DA56DAA270D5}.Release|Any CPU.ActiveCfg = Release|Any CPU
		{79782D7B-96A2-4C7A-A704-DA56DAA270D5}.Release|Any CPU.Build.0 = Release|Any CPU
		{835B39E2-88C0-46CE-A8C3-002B0A7FE866}.Debug|Any CPU.ActiveCfg = Debug|Any CPU
		{835B39E2-88C0-46CE-A8C3-002B0A7FE866}.Debug|Any CPU.Build.0 = Debug|Any CPU
		{835B39E2-88C0-46CE-A8C3-002B0A7FE866}.Release|Any CPU.ActiveCfg = Release|Any CPU
		{835B39E2-88C0-46CE-A8C3-002B0A7FE866}.Release|Any CPU.Build.0 = Release|Any CPU
		{DF05B29D-F112-43D8-A531-FFD97FEC44F1}.Debug|Any CPU.ActiveCfg = Debug|Any CPU
		{DF05B29D-F112-43D8-A531-FFD97FEC44F1}.Debug|Any CPU.Build.0 = Debug|Any CPU
		{DF05B29D-F112-43D8-A531-FFD97FEC44F1}.Debug|Any CPU.Deploy.0 = Debug|Any CPU
		{DF05B29D-F112-43D8-A531-FFD97FEC44F1}.Release|Any CPU.ActiveCfg = Release|Any CPU
		{DF05B29D-F112-43D8-A531-FFD97FEC44F1}.Release|Any CPU.Build.0 = Release|Any CPU
		{DF05B29D-F112-43D8-A531-FFD97FEC44F1}.Release|Any CPU.Deploy.0 = Release|Any CPU
		{525383ED-507C-4D03-968D-00317E1A6FDB}.Debug|Any CPU.ActiveCfg = Debug|Any CPU
		{525383ED-507C-4D03-968D-00317E1A6FDB}.Debug|Any CPU.Build.0 = Debug|Any CPU
		{525383ED-507C-4D03-968D-00317E1A6FDB}.Release|Any CPU.ActiveCfg = Release|Any CPU
		{525383ED-507C-4D03-968D-00317E1A6FDB}.Release|Any CPU.Build.0 = Release|Any CPU
		{ECB0DD37-3C8E-47FF-B609-262B0990F3ED}.Debug|Any CPU.ActiveCfg = Debug|Any CPU
		{ECB0DD37-3C8E-47FF-B609-262B0990F3ED}.Debug|Any CPU.Build.0 = Debug|Any CPU
		{ECB0DD37-3C8E-47FF-B609-262B0990F3ED}.Release|Any CPU.ActiveCfg = Release|Any CPU
		{ECB0DD37-3C8E-47FF-B609-262B0990F3ED}.Release|Any CPU.Build.0 = Release|Any CPU
		{F33A1868-BFF6-4470-8B2E-810B0A48F836}.Debug|Any CPU.ActiveCfg = Debug|Any CPU
		{F33A1868-BFF6-4470-8B2E-810B0A48F836}.Debug|Any CPU.Build.0 = Debug|Any CPU
		{F33A1868-BFF6-4470-8B2E-810B0A48F836}.Release|Any CPU.ActiveCfg = Release|Any CPU
		{F33A1868-BFF6-4470-8B2E-810B0A48F836}.Release|Any CPU.Build.0 = Release|Any CPU
		{9CEFBF75-B472-4ABB-9FC4-3B102AD78D44}.Debug|Any CPU.ActiveCfg = Debug|Any CPU
		{9CEFBF75-B472-4ABB-9FC4-3B102AD78D44}.Debug|Any CPU.Build.0 = Debug|Any CPU
		{9CEFBF75-B472-4ABB-9FC4-3B102AD78D44}.Release|Any CPU.ActiveCfg = Release|Any CPU
		{9CEFBF75-B472-4ABB-9FC4-3B102AD78D44}.Release|Any CPU.Build.0 = Release|Any CPU
		{37519548-FB3E-455D-873B-AE14A274EA78}.Debug|Any CPU.ActiveCfg = Debug|Any CPU
		{37519548-FB3E-455D-873B-AE14A274EA78}.Debug|Any CPU.Build.0 = Debug|Any CPU
		{37519548-FB3E-455D-873B-AE14A274EA78}.Release|Any CPU.ActiveCfg = Release|Any CPU
		{37519548-FB3E-455D-873B-AE14A274EA78}.Release|Any CPU.Build.0 = Release|Any CPU
		{002C0CE0-55C0-4A7C-9A04-8BB0D18BCC99}.Debug|Any CPU.ActiveCfg = Debug|Any CPU
		{002C0CE0-55C0-4A7C-9A04-8BB0D18BCC99}.Debug|Any CPU.Build.0 = Debug|Any CPU
		{002C0CE0-55C0-4A7C-9A04-8BB0D18BCC99}.Release|Any CPU.ActiveCfg = Release|Any CPU
		{002C0CE0-55C0-4A7C-9A04-8BB0D18BCC99}.Release|Any CPU.Build.0 = Release|Any CPU
	EndGlobalSection
	GlobalSection(SolutionProperties) = preSolution
		HideSolutionNode = FALSE
	EndGlobalSection
	GlobalSection(NestedProjects) = preSolution
		{0BD18903-2277-4E89-9464-E4460B905E7F} = {7B0A31E9-9B07-4F1D-90D2-8C3CF51F9F3C}
		{7DFB103D-620E-4C35-9A5F-2CAE3C563441} = {0BD18903-2277-4E89-9464-E4460B905E7F}
		{79782D7B-96A2-4C7A-A704-DA56DAA270D5} = {0BD18903-2277-4E89-9464-E4460B905E7F}
		{835B39E2-88C0-46CE-A8C3-002B0A7FE866} = {0BD18903-2277-4E89-9464-E4460B905E7F}
		{DF05B29D-F112-43D8-A531-FFD97FEC44F1} = {0BD18903-2277-4E89-9464-E4460B905E7F}
		{525383ED-507C-4D03-968D-00317E1A6FDB} = {0BD18903-2277-4E89-9464-E4460B905E7F}
		{559F31EA-FB2E-47AA-892B-DBF81EAAE2AA} = {7B0A31E9-9B07-4F1D-90D2-8C3CF51F9F3C}
		{ECB0DD37-3C8E-47FF-B609-262B0990F3ED} = {559F31EA-FB2E-47AA-892B-DBF81EAAE2AA}
		{F33A1868-BFF6-4470-8B2E-810B0A48F836} = {559F31EA-FB2E-47AA-892B-DBF81EAAE2AA}
		{9CEFBF75-B472-4ABB-9FC4-3B102AD78D44} = {559F31EA-FB2E-47AA-892B-DBF81EAAE2AA}
		{37519548-FB3E-455D-873B-AE14A274EA78} = {559F31EA-FB2E-47AA-892B-DBF81EAAE2AA}
		{002C0CE0-55C0-4A7C-9A04-8BB0D18BCC99} = {559F31EA-FB2E-47AA-892B-DBF81EAAE2AA}
	EndGlobalSection
	GlobalSection(ExtensibilityGlobals) = postSolution
		SolutionGuid = {A4FB874C-400E-4B63-B32B-5E2838734430}
	EndGlobalSection
EndGlobal
